
Microsoft Visual Studio Solution File, Format Version 12.00
# Visual Studio Version 16
VisualStudioVersion = 16.0.29905.134
MinimumVisualStudioVersion = 10.0.40219.1
Project("{888888A0-9F3D-457C-B088-3A5042F75D52}") = "Shoot_method", "Shoot_method\Shoot_method.pyproj", "{472E980D-927D-443E-A5BA-3B72B621F42C}"
EndProject
Global
	GlobalSection(SolutionConfigurationPlatforms) = preSolution
		Debug|Any CPU = Debug|Any CPU
		Release|Any CPU = Release|Any CPU
	EndGlobalSection
	GlobalSection(ProjectConfigurationPlatforms) = postSolution
		{472E980D-927D-443E-A5BA-3B72B621F42C}.Debug|Any CPU.ActiveCfg = Debug|Any CPU
		{472E980D-927D-443E-A5BA-3B72B621F42C}.Release|Any CPU.ActiveCfg = Release|Any CPU
	EndGlobalSection
	GlobalSection(SolutionProperties) = preSolution
		HideSolutionNode = FALSE
	EndGlobalSection
	GlobalSection(ExtensibilityGlobals) = postSolution
		SolutionGuid = {3A33B68F-49CA-4041-BAF6-B4F94FD947CF}
	EndGlobalSection
EndGlobal
